// !$*UTF8*$!
{
	archiveVersion = 1;
	classes = {
	};
	objectVersion = 48;
	objects = {

/* Begin PBXBuildFile section */
		0D15CDF91FCCA78D00EE9E53 /* UINavigationController+preferredStatusBarStyle.swift in Sources */ = {isa = PBXBuildFile; fileRef = 0D15CDF81FCCA78D00EE9E53 /* UINavigationController+preferredStatusBarStyle.swift */; };
		0DFA83A41FCB3965008181F6 /* AppDelegate.swift in Sources */ = {isa = PBXBuildFile; fileRef = 0DFA83A31FCB3965008181F6 /* AppDelegate.swift */; };
		0DFA83A91FCB3965008181F6 /* Main.storyboard in Resources */ = {isa = PBXBuildFile; fileRef = 0DFA83A71FCB3965008181F6 /* Main.storyboard */; };
		0DFA83AB1FCB3965008181F6 /* Assets.xcassets in Resources */ = {isa = PBXBuildFile; fileRef = 0DFA83AA1FCB3965008181F6 /* Assets.xcassets */; };
		0DFA83AE1FCB3965008181F6 /* LaunchScreen.storyboard in Resources */ = {isa = PBXBuildFile; fileRef = 0DFA83AC1FCB3965008181F6 /* LaunchScreen.storyboard */; };
		0DFA83B91FCB3965008181F6 /* SnacktacularTests.swift in Sources */ = {isa = PBXBuildFile; fileRef = 0DFA83B81FCB3965008181F6 /* SnacktacularTests.swift */; };
		0DFA83C41FCB3965008181F6 /* SnacktacularUITests.swift in Sources */ = {isa = PBXBuildFile; fileRef = 0DFA83C31FCB3965008181F6 /* SnacktacularUITests.swift */; };
		0DFA83D21FCB3A3E008181F6 /* PlaceData.swift in Sources */ = {isa = PBXBuildFile; fileRef = 0DFA83D11FCB3A3E008181F6 /* PlaceData.swift */; };
		0DFA83D41FCB3B58008181F6 /* PlaceListViewController.swift in Sources */ = {isa = PBXBuildFile; fileRef = 0DFA83D31FCB3B58008181F6 /* PlaceListViewController.swift */; };
		0DFA83D61FCB3EE3008181F6 /* DetailViewController.swift in Sources */ = {isa = PBXBuildFile; fileRef = 0DFA83D51FCB3EE3008181F6 /* DetailViewController.swift */; };
/* End PBXBuildFile section */

/* Begin PBXContainerItemProxy section */
		0DFA83B51FCB3965008181F6 /* PBXContainerItemProxy */ = {
			isa = PBXContainerItemProxy;
			containerPortal = 0DFA83981FCB3965008181F6 /* Project object */;
			proxyType = 1;
			remoteGlobalIDString = 0DFA839F1FCB3965008181F6;
			remoteInfo = Snacktacular;
		};
		0DFA83C01FCB3965008181F6 /* PBXContainerItemProxy */ = {
			isa = PBXContainerItemProxy;
			containerPortal = 0DFA83981FCB3965008181F6 /* Project object */;
			proxyType = 1;
			remoteGlobalIDString = 0DFA839F1FCB3965008181F6;
			remoteInfo = Snacktacular;
		};
/* End PBXContainerItemProxy section */

/* Begin PBXFileReference section */
		0D15CDF81FCCA78D00EE9E53 /* UINavigationController+preferredStatusBarStyle.swift */ = {isa = PBXFileReference; lastKnownFileType = sourcecode.swift; path = "UINavigationController+preferredStatusBarStyle.swift"; sourceTree = "<group>"; };
		0DFA83A01FCB3965008181F6 /* Snacktacular.app */ = {isa = PBXFileReference; explicitFileType = wrapper.application; includeInIndex = 0; path = Snacktacular.app; sourceTree = BUILT_PRODUCTS_DIR; };
		0DFA83A31FCB3965008181F6 /* AppDelegate.swift */ = {isa = PBXFileReference; lastKnownFileType = sourcecode.swift; path = AppDelegate.swift; sourceTree = "<group>"; };
		0DFA83A81FCB3965008181F6 /* Base */ = {isa = PBXFileReference; lastKnownFileType = file.storyboard; name = Base; path = Base.lproj/Main.storyboard; sourceTree = "<group>"; };
		0DFA83AA1FCB3965008181F6 /* Assets.xcassets */ = {isa = PBXFileReference; lastKnownFileType = folder.assetcatalog; path = Assets.xcassets; sourceTree = "<group>"; };
		0DFA83AD1FCB3965008181F6 /* Base */ = {isa = PBXFileReference; lastKnownFileType = file.storyboard; name = Base; path = Base.lproj/LaunchScreen.storyboard; sourceTree = "<group>"; };
		0DFA83AF1FCB3965008181F6 /* Info.plist */ = {isa = PBXFileReference; lastKnownFileType = text.plist.xml; path = Info.plist; sourceTree = "<group>"; };
		0DFA83B41FCB3965008181F6 /* SnacktacularTests.xctest */ = {isa = PBXFileReference; explicitFileType = wrapper.cfbundle; includeInIndex = 0; path = SnacktacularTests.xctest; sourceTree = BUILT_PRODUCTS_DIR; };
		0DFA83B81FCB3965008181F6 /* SnacktacularTests.swift */ = {isa = PBXFileReference; lastKnownFileType = sourcecode.swift; path = SnacktacularTests.swift; sourceTree = "<group>"; };
		0DFA83BA1FCB3965008181F6 /* Info.plist */ = {isa = PBXFileReference; lastKnownFileType = text.plist.xml; path = Info.plist; sourceTree = "<group>"; };
		0DFA83BF1FCB3965008181F6 /* SnacktacularUITests.xctest */ = {isa = PBXFileReference; explicitFileType = wrapper.cfbundle; includeInIndex = 0; path = SnacktacularUITests.xctest; sourceTree = BUILT_PRODUCTS_DIR; };
		0DFA83C31FCB3965008181F6 /* SnacktacularUITests.swift */ = {isa = PBXFileReference; lastKnownFileType = sourcecode.swift; path = SnacktacularUITests.swift; sourceTree = "<group>"; };
		0DFA83C51FCB3965008181F6 /* Info.plist */ = {isa = PBXFileReference; lastKnownFileType = text.plist.xml; path = Info.plist; sourceTree = "<group>"; };
		0DFA83D11FCB3A3E008181F6 /* PlaceData.swift */ = {isa = PBXFileReference; lastKnownFileType = sourcecode.swift; path = PlaceData.swift; sourceTree = "<group>"; };
		0DFA83D31FCB3B58008181F6 /* PlaceListViewController.swift */ = {isa = PBXFileReference; lastKnownFileType = sourcecode.swift; path = PlaceListViewController.swift; sourceTree = "<group>"; };
		0DFA83D51FCB3EE3008181F6 /* DetailViewController.swift */ = {isa = PBXFileReference; lastKnownFileType = sourcecode.swift; path = DetailViewController.swift; sourceTree = "<group>"; };
/* End PBXFileReference section */

/* Begin PBXFrameworksBuildPhase section */
		0DFA839D1FCB3965008181F6 /* Frameworks */ = {
			isa = PBXFrameworksBuildPhase;
			buildActionMask = 2147483647;
			files = (
			);
			runOnlyForDeploymentPostprocessing = 0;
		};
		0DFA83B11FCB3965008181F6 /* Frameworks */ = {
			isa = PBXFrameworksBuildPhase;
			buildActionMask = 2147483647;
			files = (
			);
			runOnlyForDeploymentPostprocessing = 0;
		};
		0DFA83BC1FCB3965008181F6 /* Frameworks */ = {
			isa = PBXFrameworksBuildPhase;
			buildActionMask = 2147483647;
			files = (
			);
			runOnlyForDeploymentPostprocessing = 0;
		};
/* End PBXFrameworksBuildPhase section */

/* Begin PBXGroup section */
		0DFA83971FCB3965008181F6 = {
			isa = PBXGroup;
			children = (
				0DFA83A21FCB3965008181F6 /* Snacktacular */,
				0DFA83B71FCB3965008181F6 /* SnacktacularTests */,
				0DFA83C21FCB3965008181F6 /* SnacktacularUITests */,
				0DFA83A11FCB3965008181F6 /* Products */,
			);
			sourceTree = "<group>";
		};
		0DFA83A11FCB3965008181F6 /* Products */ = {
			isa = PBXGroup;
			children = (
				0DFA83A01FCB3965008181F6 /* Snacktacular.app */,
				0DFA83B41FCB3965008181F6 /* SnacktacularTests.xctest */,
				0DFA83BF1FCB3965008181F6 /* SnacktacularUITests.xctest */,
			);
			name = Products;
			sourceTree = "<group>";
		};
		0DFA83A21FCB3965008181F6 /* Snacktacular */ = {
			isa = PBXGroup;
			children = (
				0DFA83A31FCB3965008181F6 /* AppDelegate.swift */,
				0DFA83D11FCB3A3E008181F6 /* PlaceData.swift */,
				0D15CDF81FCCA78D00EE9E53 /* UINavigationController+preferredStatusBarStyle.swift */,
				0DFA83D31FCB3B58008181F6 /* PlaceListViewController.swift */,
				0DFA83D51FCB3EE3008181F6 /* DetailViewController.swift */,
				0DFA83A71FCB3965008181F6 /* Main.storyboard */,
				0DFA83AA1FCB3965008181F6 /* Assets.xcassets */,
				0DFA83AC1FCB3965008181F6 /* LaunchScreen.storyboard */,
				0DFA83AF1FCB3965008181F6 /* Info.plist */,
			);
			path = Snacktacular;
			sourceTree = "<group>";
		};
		0DFA83B71FCB3965008181F6 /* SnacktacularTests */ = {
			isa = PBXGroup;
			children = (
				0DFA83B81FCB3965008181F6 /* SnacktacularTests.swift */,
				0DFA83BA1FCB3965008181F6 /* Info.plist */,
			);
			path = SnacktacularTests;
			sourceTree = "<group>";
		};
		0DFA83C21FCB3965008181F6 /* SnacktacularUITests */ = {
			isa = PBXGroup;
			children = (
				0DFA83C31FCB3965008181F6 /* SnacktacularUITests.swift */,
				0DFA83C51FCB3965008181F6 /* Info.plist */,
			);
			path = SnacktacularUITests;
			sourceTree = "<group>";
		};
/* End PBXGroup section */

/* Begin PBXNativeTarget section */
		0DFA839F1FCB3965008181F6 /* Snacktacular */ = {
			isa = PBXNativeTarget;
			buildConfigurationList = 0DFA83C81FCB3965008181F6 /* Build configuration list for PBXNativeTarget "Snacktacular" */;
			buildPhases = (
				0DFA839C1FCB3965008181F6 /* Sources */,
				0DFA839D1FCB3965008181F6 /* Frameworks */,
				0DFA839E1FCB3965008181F6 /* Resources */,
			);
			buildRules = (
			);
			dependencies = (
			);
			name = Snacktacular;
			productName = Snacktacular;
			productReference = 0DFA83A01FCB3965008181F6 /* Snacktacular.app */;
			productType = "com.apple.product-type.application";
		};
		0DFA83B31FCB3965008181F6 /* SnacktacularTests */ = {
			isa = PBXNativeTarget;
			buildConfigurationList = 0DFA83CB1FCB3965008181F6 /* Build configuration list for PBXNativeTarget "SnacktacularTests" */;
			buildPhases = (
				0DFA83B01FCB3965008181F6 /* Sources */,
				0DFA83B11FCB3965008181F6 /* Frameworks */,
				0DFA83B21FCB3965008181F6 /* Resources */,
			);
			buildRules = (
			);
			dependencies = (
				0DFA83B61FCB3965008181F6 /* PBXTargetDependency */,
			);
			name = SnacktacularTests;
			productName = SnacktacularTests;
			productReference = 0DFA83B41FCB3965008181F6 /* SnacktacularTests.xctest */;
			productType = "com.apple.product-type.bundle.unit-test";
		};
		0DFA83BE1FCB3965008181F6 /* SnacktacularUITests */ = {
			isa = PBXNativeTarget;
			buildConfigurationList = 0DFA83CE1FCB3965008181F6 /* Build configuration list for PBXNativeTarget "SnacktacularUITests" */;
			buildPhases = (
				0DFA83BB1FCB3965008181F6 /* Sources */,
				0DFA83BC1FCB3965008181F6 /* Frameworks */,
				0DFA83BD1FCB3965008181F6 /* Resources */,
			);
			buildRules = (
			);
			dependencies = (
				0DFA83C11FCB3965008181F6 /* PBXTargetDependency */,
			);
			name = SnacktacularUITests;
			productName = SnacktacularUITests;
			productReference = 0DFA83BF1FCB3965008181F6 /* SnacktacularUITests.xctest */;
			productType = "com.apple.product-type.bundle.ui-testing";
		};
/* End PBXNativeTarget section */

/* Begin PBXProject section */
		0DFA83981FCB3965008181F6 /* Project object */ = {
			isa = PBXProject;
			attributes = {
				LastSwiftUpdateCheck = 0900;
				LastUpgradeCheck = 0900;
				ORGANIZATIONNAME = "Mia Tortolani";
				TargetAttributes = {
					0DFA839F1FCB3965008181F6 = {
						CreatedOnToolsVersion = 9.0;
						ProvisioningStyle = Automatic;
					};
					0DFA83B31FCB3965008181F6 = {
						CreatedOnToolsVersion = 9.0;
						ProvisioningStyle = Automatic;
						TestTargetID = 0DFA839F1FCB3965008181F6;
					};
					0DFA83BE1FCB3965008181F6 = {
						CreatedOnToolsVersion = 9.0;
						ProvisioningStyle = Automatic;
						TestTargetID = 0DFA839F1FCB3965008181F6;
					};
				};
			};
			buildConfigurationList = 0DFA839B1FCB3965008181F6 /* Build configuration list for PBXProject "Snacktacular" */;
			compatibilityVersion = "Xcode 8.0";
			developmentRegion = en;
			hasScannedForEncodings = 0;
			knownRegions = (
				en,
				Base,
			);
			mainGroup = 0DFA83971FCB3965008181F6;
			productRefGroup = 0DFA83A11FCB3965008181F6 /* Products */;
			projectDirPath = "";
			projectRoot = "";
			targets = (
				0DFA839F1FCB3965008181F6 /* Snacktacular */,
				0DFA83B31FCB3965008181F6 /* SnacktacularTests */,
				0DFA83BE1FCB3965008181F6 /* SnacktacularUITests */,
			);
		};
/* End PBXProject section */

/* Begin PBXResourcesBuildPhase section */
		0DFA839E1FCB3965008181F6 /* Resources */ = {
			isa = PBXResourcesBuildPhase;
			buildActionMask = 2147483647;
			files = (
				0DFA83AE1FCB3965008181F6 /* LaunchScreen.storyboard in Resources */,
				0DFA83AB1FCB3965008181F6 /* Assets.xcassets in Resources */,
				0DFA83A91FCB3965008181F6 /* Main.storyboard in Resources */,
			);
			runOnlyForDeploymentPostprocessing = 0;
		};
		0DFA83B21FCB3965008181F6 /* Resources */ = {
			isa = PBXResourcesBuildPhase;
			buildActionMask = 2147483647;
			files = (
			);
			runOnlyForDeploymentPostprocessing = 0;
		};
		0DFA83BD1FCB3965008181F6 /* Resources */ = {
			isa = PBXResourcesBuildPhase;
			buildActionMask = 2147483647;
			files = (
			);
			runOnlyForDeploymentPostprocessing = 0;
		};
/* End PBXResourcesBuildPhase section */

/* Begin PBXSourcesBuildPhase section */
		0DFA839C1FCB3965008181F6 /* Sources */ = {
			isa = PBXSourcesBuildPhase;
			buildActionMask = 2147483647;
			files = (
				0DFA83D41FCB3B58008181F6 /* PlaceListViewController.swift in Sources */,
				0DFA83A41FCB3965008181F6 /* AppDelegate.swift in Sources */,
				0DFA83D21FCB3A3E008181F6 /* PlaceData.swift in Sources */,
				0D15CDF91FCCA78D00EE9E53 /* UINavigationController+preferredStatusBarStyle.swift in Sources */,
				0DFA83D61FCB3EE3008181F6 /* DetailViewController.swift in Sources */,
			);
			runOnlyForDeploymentPostprocessing = 0;
		};
		0DFA83B01FCB3965008181F6 /* Sources */ = {
			isa = PBXSourcesBuildPhase;
			buildActionMask = 2147483647;
			files = (
				0DFA83B91FCB3965008181F6 /* SnacktacularTests.swift in Sources */,
			);
			runOnlyForDeploymentPostprocessing = 0;
		};
		0DFA83BB1FCB3965008181F6 /* Sources */ = {
			isa = PBXSourcesBuildPhase;
			buildActionMask = 2147483647;
			files = (
				0DFA83C41FCB3965008181F6 /* SnacktacularUITests.swift in Sources */,
			);
			runOnlyForDeploymentPostprocessing = 0;
		};
/* End PBXSourcesBuildPhase section */

/* Begin PBXTargetDependency section */
		0DFA83B61FCB3965008181F6 /* PBXTargetDependency */ = {
			isa = PBXTargetDependency;
			target = 0DFA839F1FCB3965008181F6 /* Snacktacular */;
			targetProxy = 0DFA83B51FCB3965008181F6 /* PBXContainerItemProxy */;
		};
		0DFA83C11FCB3965008181F6 /* PBXTargetDependency */ = {
			isa = PBXTargetDependency;
			target = 0DFA839F1FCB3965008181F6 /* Snacktacular */;
			targetProxy = 0DFA83C01FCB3965008181F6 /* PBXContainerItemProxy */;
		};
/* End PBXTargetDependency section */

/* Begin PBXVariantGroup section */
		0DFA83A71FCB3965008181F6 /* Main.storyboard */ = {
			isa = PBXVariantGroup;
			children = (
				0DFA83A81FCB3965008181F6 /* Base */,
			);
			name = Main.storyboard;
			sourceTree = "<group>";
		};
		0DFA83AC1FCB3965008181F6 /* LaunchScreen.storyboard */ = {
			isa = PBXVariantGroup;
			children = (
				0DFA83AD1FCB3965008181F6 /* Base */,
			);
			name = LaunchScreen.storyboard;
			sourceTree = "<group>";
		};
/* End PBXVariantGroup section */

/* Begin XCBuildConfiguration section */
		0DFA83C61FCB3965008181F6 /* Debug */ = {
			isa = XCBuildConfiguration;
			buildSettings = {
				ALWAYS_SEARCH_USER_PATHS = NO;
				CLANG_ANALYZER_NONNULL = YES;
				CLANG_ANALYZER_NUMBER_OBJECT_CONVERSION = YES_AGGRESSIVE;
				CLANG_CXX_LANGUAGE_STANDARD = "gnu++14";
				CLANG_CXX_LIBRARY = "libc++";
				CLANG_ENABLE_MODULES = YES;
				CLANG_ENABLE_OBJC_ARC = YES;
				CLANG_WARN_BLOCK_CAPTURE_AUTORELEASING = YES;
				CLANG_WARN_BOOL_CONVERSION = YES;
				CLANG_WARN_COMMA = YES;
				CLANG_WARN_CONSTANT_CONVERSION = YES;
				CLANG_WARN_DIRECT_OBJC_ISA_USAGE = YES_ERROR;
				CLANG_WARN_DOCUMENTATION_COMMENTS = YES;
				CLANG_WARN_EMPTY_BODY = YES;
				CLANG_WARN_ENUM_CONVERSION = YES;
				CLANG_WARN_INFINITE_RECURSION = YES;
				CLANG_WARN_INT_CONVERSION = YES;
				CLANG_WARN_NON_LITERAL_NULL_CONVERSION = YES;
				CLANG_WARN_OBJC_LITERAL_CONVERSION = YES;
				CLANG_WARN_OBJC_ROOT_CLASS = YES_ERROR;
				CLANG_WARN_RANGE_LOOP_ANALYSIS = YES;
				CLANG_WARN_STRICT_PROTOTYPES = YES;
				CLANG_WARN_SUSPICIOUS_MOVE = YES;
				CLANG_WARN_UNGUARDED_AVAILABILITY = YES_AGGRESSIVE;
				CLANG_WARN_UNREACHABLE_CODE = YES;
				CLANG_WARN__DUPLICATE_METHOD_MATCH = YES;
				CODE_SIGN_IDENTITY = "iPhone Developer";
				COPY_PHASE_STRIP = NO;
				DEBUG_INFORMATION_FORMAT = dwarf;
				ENABLE_STRICT_OBJC_MSGSEND = YES;
				ENABLE_TESTABILITY = YES;
				GCC_C_LANGUAGE_STANDARD = gnu11;
				GCC_DYNAMIC_NO_PIC = NO;
				GCC_NO_COMMON_BLOCKS = YES;
				GCC_OPTIMIZATION_LEVEL = 0;
				GCC_PREPROCESSOR_DEFINITIONS = (
					"DEBUG=1",
					"$(inherited)",
				);
				GCC_WARN_64_TO_32_BIT_CONVERSION = YES;
				GCC_WARN_ABOUT_RETURN_TYPE = YES_ERROR;
				GCC_WARN_UNDECLARED_SELECTOR = YES;
				GCC_WARN_UNINITIALIZED_AUTOS = YES_AGGRESSIVE;
				GCC_WARN_UNUSED_FUNCTION = YES;
				GCC_WARN_UNUSED_VARIABLE = YES;
				IPHONEOS_DEPLOYMENT_TARGET = 11.0;
				MTL_ENABLE_DEBUG_INFO = YES;
				ONLY_ACTIVE_ARCH = YES;
				SDKROOT = iphoneos;
				SWIFT_ACTIVE_COMPILATION_CONDITIONS = DEBUG;
				SWIFT_OPTIMIZATION_LEVEL = "-Onone";
			};
			name = Debug;
		};
		0DFA83C71FCB3965008181F6 /* Release */ = {
			isa = XCBuildConfiguration;
			buildSettings = {
				ALWAYS_SEARCH_USER_PATHS = NO;
				CLANG_ANALYZER_NONNULL = YES;
				CLANG_ANALYZER_NUMBER_OBJECT_CONVERSION = YES_AGGRESSIVE;
				CLANG_CXX_LANGUAGE_STANDARD = "gnu++14";
				CLANG_CXX_LIBRARY = "libc++";
				CLANG_ENABLE_MODULES = YES;
				CLANG_ENABLE_OBJC_ARC = YES;
				CLANG_WARN_BLOCK_CAPTURE_AUTORELEASING = YES;
				CLANG_WARN_BOOL_CONVERSION = YES;
				CLANG_WARN_COMMA = YES;
				CLANG_WARN_CONSTANT_CONVERSION = YES;
				CLANG_WARN_DIRECT_OBJC_ISA_USAGE = YES_ERROR;
				CLANG_WARN_DOCUMENTATION_COMMENTS = YES;
				CLANG_WARN_EMPTY_BODY = YES;
				CLANG_WARN_ENUM_CONVERSION = YES;
				CLANG_WARN_INFINITE_RECURSION = YES;
				CLANG_WARN_INT_CONVERSION = YES;
				CLANG_WARN_NON_LITERAL_NULL_CONVERSION = YES;
				CLANG_WARN_OBJC_LITERAL_CONVERSION = YES;
				CLANG_WARN_OBJC_ROOT_CLASS = YES_ERROR;
				CLANG_WARN_RANGE_LOOP_ANALYSIS = YES;
				CLANG_WARN_STRICT_PROTOTYPES = YES;
				CLANG_WARN_SUSPICIOUS_MOVE = YES;
				CLANG_WARN_UNGUARDED_AVAILABILITY = YES_AGGRESSIVE;
				CLANG_WARN_UNREACHABLE_CODE = YES;
				CLANG_WARN__DUPLICATE_METHOD_MATCH = YES;
				CODE_SIGN_IDENTITY = "iPhone Developer";
				COPY_PHASE_STRIP = NO;
				DEBUG_INFORMATION_FORMAT = "dwarf-with-dsym";
				ENABLE_NS_ASSERTIONS = NO;
				ENABLE_STRICT_OBJC_MSGSEND = YES;
				GCC_C_LANGUAGE_STANDARD = gnu11;
				GCC_NO_COMMON_BLOCKS = YES;
				GCC_WARN_64_TO_32_BIT_CONVERSION = YES;
				GCC_WARN_ABOUT_RETURN_TYPE = YES_ERROR;
				GCC_WARN_UNDECLARED_SELECTOR = YES;
				GCC_WARN_UNINITIALIZED_AUTOS = YES_AGGRESSIVE;
				GCC_WARN_UNUSED_FUNCTION = YES;
				GCC_WARN_UNUSED_VARIABLE = YES;
				IPHONEOS_DEPLOYMENT_TARGET = 11.0;
				MTL_ENABLE_DEBUG_INFO = NO;
				SDKROOT = iphoneos;
				SWIFT_OPTIMIZATION_LEVEL = "-Owholemodule";
				VALIDATE_PRODUCT = YES;
			};
			name = Release;
		};
		0DFA83C91FCB3965008181F6 /* Debug */ = {
			isa = XCBuildConfiguration;
			buildSettings = {
				ASSETCATALOG_COMPILER_APPICON_NAME = AppIcon;
				CODE_SIGN_STYLE = Automatic;
				DEVELOPMENT_TEAM = 8H23R7YPJ8;
				INFOPLIST_FILE = Snacktacular/Info.plist;
				LD_RUNPATH_SEARCH_PATHS = "$(inherited) @executable_path/Frameworks";
				PRODUCT_BUNDLE_IDENTIFIER = Tortolani.Snacktacular;
				PRODUCT_NAME = "$(TARGET_NAME)";
				SWIFT_VERSION = 4.0;
				TARGETED_DEVICE_FAMILY = "1,2";
			};
			name = Debug;
		};
		0DFA83CA1FCB3965008181F6 /* Release */ = {
			isa = XCBuildConfiguration;
			buildSettings = {
				ASSETCATALOG_COMPILER_APPICON_NAME = AppIcon;
				CODE_SIGN_STYLE = Automatic;
				DEVELOPMENT_TEAM = 8H23R7YPJ8;
				INFOPLIST_FILE = Snacktacular/Info.plist;
				LD_RUNPATH_SEARCH_PATHS = "$(inherited) @executable_path/Frameworks";
				PRODUCT_BUNDLE_IDENTIFIER = Tortolani.Snacktacular;
				PRODUCT_NAME = "$(TARGET_NAME)";
				SWIFT_VERSION = 4.0;
				TARGETED_DEVICE_FAMILY = "1,2";
			};
			name = Release;
		};
		0DFA83CC1FCB3965008181F6 /* Debug */ = {
			isa = XCBuildConfiguration;
			buildSettings = {
				ALWAYS_EMBED_SWIFT_STANDARD_LIBRARIES = YES;
				BUNDLE_LOADER = "$(TEST_HOST)";
				CODE_SIGN_STYLE = Automatic;
				DEVELOPMENT_TEAM = 8H23R7YPJ8;
				INFOPLIST_FILE = SnacktacularTests/Info.plist;
				LD_RUNPATH_SEARCH_PATHS = "$(inherited) @executable_path/Frameworks @loader_path/Frameworks";
				PRODUCT_BUNDLE_IDENTIFIER = Tortolani.SnacktacularTests;
				PRODUCT_NAME = "$(TARGET_NAME)";
				SWIFT_VERSION = 4.0;
				TARGETED_DEVICE_FAMILY = "1,2";
				TEST_HOST = "$(BUILT_PRODUCTS_DIR)/Snacktacular.app/Snacktacular";
			};
			name = Debug;
		};
		0DFA83CD1FCB3965008181F6 /* Release */ = {
			isa = XCBuildConfiguration;
			buildSettings = {
				ALWAYS_EMBED_SWIFT_STANDARD_LIBRARIES = YES;
				BUNDLE_LOADER = "$(TEST_HOST)";
				CODE_SIGN_STYLE = Automatic;
				DEVELOPMENT_TEAM = 8H23R7YPJ8;
				INFOPLIST_FILE = SnacktacularTests/Info.plist;
				LD_RUNPATH_SEARCH_PATHS = "$(inherited) @executable_path/Frameworks @loader_path/Frameworks";
				PRODUCT_BUNDLE_IDENTIFIER = Tortolani.SnacktacularTests;
				PRODUCT_NAME = "$(TARGET_NAME)";
				SWIFT_VERSION = 4.0;
				TARGETED_DEVICE_FAMILY = "1,2";
				TEST_HOST = "$(BUILT_PRODUCTS_DIR)/Snacktacular.app/Snacktacular";
			};
			name = Release;
		};
		0DFA83CF1FCB3965008181F6 /* Debug */ = {
			isa = XCBuildConfiguration;
			buildSettings = {
				ALWAYS_EMBED_SWIFT_STANDARD_LIBRARIES = YES;
				CODE_SIGN_STYLE = Automatic;
				DEVELOPMENT_TEAM = 8H23R7YPJ8;
				INFOPLIST_FILE = SnacktacularUITests/Info.plist;
				LD_RUNPATH_SEARCH_PATHS = "$(inherited) @executable_path/Frameworks @loader_path/Frameworks";
				PRODUCT_BUNDLE_IDENTIFIER = Tortolani.SnacktacularUITests;
				PRODUCT_NAME = "$(TARGET_NAME)";
				SWIFT_VERSION = 4.0;
				TARGETED_DEVICE_FAMILY = "1,2";
				TEST_TARGET_NAME = Snacktacular;
			};
			name = Debug;
		};
		0DFA83D01FCB3965008181F6 /* Release */ = {
			isa = XCBuildConfiguration;
			buildSettings = {
				ALWAYS_EMBED_SWIFT_STANDARD_LIBRARIES = YES;
				CODE_SIGN_STYLE = Automatic;
				DEVELOPMENT_TEAM = 8H23R7YPJ8;
				INFOPLIST_FILE = SnacktacularUITests/Info.plist;
				LD_RUNPATH_SEARCH_PATHS = "$(inherited) @executable_path/Frameworks @loader_path/Frameworks";
				PRODUCT_BUNDLE_IDENTIFIER = Tortolani.SnacktacularUITests;
				PRODUCT_NAME = "$(TARGET_NAME)";
				SWIFT_VERSION = 4.0;
				TARGETED_DEVICE_FAMILY = "1,2";
				TEST_TARGET_NAME = Snacktacular;
			};
			name = Release;
		};
/* End XCBuildConfiguration section */

/* Begin XCConfigurationList section */
		0DFA839B1FCB3965008181F6 /* Build configuration list for PBXProject "Snacktacular" */ = {
			isa = XCConfigurationList;
			buildConfigurations = (
				0DFA83C61FCB3965008181F6 /* Debug */,
				0DFA83C71FCB3965008181F6 /* Release */,
			);
			defaultConfigurationIsVisible = 0;
			defaultConfigurationName = Release;
		};
		0DFA83C81FCB3965008181F6 /* Build configuration list for PBXNativeTarget "Snacktacular" */ = {
			isa = XCConfigurationList;
			buildConfigurations = (
				0DFA83C91FCB3965008181F6 /* Debug */,
				0DFA83CA1FCB3965008181F6 /* Release */,
			);
			defaultConfigurationIsVisible = 0;
			defaultConfigurationName = Release;
		};
		0DFA83CB1FCB3965008181F6 /* Build configuration list for PBXNativeTarget "SnacktacularTests" */ = {
			isa = XCConfigurationList;
			buildConfigurations = (
				0DFA83CC1FCB3965008181F6 /* Debug */,
				0DFA83CD1FCB3965008181F6 /* Release */,
			);
			defaultConfigurationIsVisible = 0;
			defaultConfigurationName = Release;
		};
		0DFA83CE1FCB3965008181F6 /* Build configuration list for PBXNativeTarget "SnacktacularUITests" */ = {
			isa = XCConfigurationList;
			buildConfigurations = (
				0DFA83CF1FCB3965008181F6 /* Debug */,
				0DFA83D01FCB3965008181F6 /* Release */,
			);
			defaultConfigurationIsVisible = 0;
			defaultConfigurationName = Release;
		};
/* End XCConfigurationList section */
	};
	rootObject = 0DFA83981FCB3965008181F6 /* Project object */;
}
